
Microsoft Visual Studio Solution File, Format Version 12.00
# Visual Studio Version 16
VisualStudioVersion = 16.0.29409.12
MinimumVisualStudioVersion = 10.0.40219.1
Project("{9A19103F-16F7-4668-BE54-9A1E7A4F7556}") = "ShapeChecker.DemoCore", "ShapeChecker.DemoCore\ShapeChecker.DemoCore.csproj", "{1F33E58C-B28B-480B-BD49-134FFD596E63}"
EndProject
Global
	GlobalSection(SolutionConfigurationPlatforms) = preSolution
		Debug|Any CPU = Debug|Any CPU
		Release|Any CPU = Release|Any CPU
	EndGlobalSection
	GlobalSection(ProjectConfigurationPlatforms) = postSolution
		{1F33E58C-B28B-480B-BD49-134FFD596E63}.Debug|Any CPU.ActiveCfg = Debug|Any CPU
		{1F33E58C-B28B-480B-BD49-134FFD596E63}.Debug|Any CPU.Build.0 = Debug|Any CPU
		{1F33E58C-B28B-480B-BD49-134FFD596E63}.Release|Any CPU.ActiveCfg = Release|Any CPU
		{1F33E58C-B28B-480B-BD49-134FFD596E63}.Release|Any CPU.Build.0 = Release|Any CPU
	EndGlobalSection
	GlobalSection(SolutionProperties) = preSolution
		HideSolutionNode = FALSE
	EndGlobalSection
	GlobalSection(ExtensibilityGlobals) = postSolution
		SolutionGuid = {EDA2B31A-4FD3-49C0-A122-1FFCBB04966E}
	EndGlobalSection
EndGlobal
